// !$*UTF8*$!
{
	archiveVersion = 1;
	classes = {
	};
	objectVersion = 46;
	objects = {

/* Begin PBXBuildFile section */
		B0BEA71E1A803D0C00606C14 /* Parse.framework in Frameworks */ = {isa = PBXBuildFile; fileRef = B0BEA71D1A803D0C00606C14 /* Parse.framework */; };
		B0BEA7201A803D1D00606C14 /* Bolts.framework in Frameworks */ = {isa = PBXBuildFile; fileRef = B0BEA71F1A803D1D00606C14 /* Bolts.framework */; };
		B0BEA7221A803D7E00606C14 /* AudioToolbox.framework in Frameworks */ = {isa = PBXBuildFile; fileRef = B0BEA7211A803D7E00606C14 /* AudioToolbox.framework */; };
		B0BEA7241A803D8800606C14 /* CFNetwork.framework in Frameworks */ = {isa = PBXBuildFile; fileRef = B0BEA7231A803D8800606C14 /* CFNetwork.framework */; };
		B0BEA7261A803D9300606C14 /* CoreGraphics.framework in Frameworks */ = {isa = PBXBuildFile; fileRef = B0BEA7251A803D9300606C14 /* CoreGraphics.framework */; };
		B0BEA7281A803DA100606C14 /* CoreLocation.framework in Frameworks */ = {isa = PBXBuildFile; fileRef = B0BEA7271A803DA100606C14 /* CoreLocation.framework */; };
		B0BEA72A1A803F9000606C14 /* MobileCoreServices.framework in Frameworks */ = {isa = PBXBuildFile; fileRef = B0BEA7291A803F9000606C14 /* MobileCoreServices.framework */; };
		B0BEA72C1A803FA400606C14 /* QuartzCore.framework in Frameworks */ = {isa = PBXBuildFile; fileRef = B0BEA72B1A803FA400606C14 /* QuartzCore.framework */; };
		B0BEA72E1A803FBF00606C14 /* Security.framework in Frameworks */ = {isa = PBXBuildFile; fileRef = B0BEA72D1A803FBF00606C14 /* Security.framework */; };
		B0BEA7301A803FCA00606C14 /* StoreKit.framework in Frameworks */ = {isa = PBXBuildFile; fileRef = B0BEA72F1A803FCA00606C14 /* StoreKit.framework */; };
		B0BEA7321A803FDB00606C14 /* SystemConfiguration.framework in Frameworks */ = {isa = PBXBuildFile; fileRef = B0BEA7311A803FDB00606C14 /* SystemConfiguration.framework */; };
		B0BEA7341A803FF100606C14 /* libz.1.dylib in Frameworks */ = {isa = PBXBuildFile; fileRef = B0BEA7331A803FF100606C14 /* libz.1.dylib */; };
		B0BEA7361A80400200606C14 /* libsqlite3.dylib in Frameworks */ = {isa = PBXBuildFile; fileRef = B0BEA7351A80400200606C14 /* libsqlite3.dylib */; };
		B0D7F33E1A802A7F00205DE0 /* LoginViewController.m in Sources */ = {isa = PBXBuildFile; fileRef = B0D7F33D1A802A7F00205DE0 /* LoginViewController.m */; };
		B0E2BE9B1A80226D00F1C101 /* main.m in Sources */ = {isa = PBXBuildFile; fileRef = B0E2BE9A1A80226D00F1C101 /* main.m */; };
		B0E2BE9E1A80226D00F1C101 /* AppDelegate.m in Sources */ = {isa = PBXBuildFile; fileRef = B0E2BE9D1A80226D00F1C101 /* AppDelegate.m */; };
		B0E2BEA41A80226D00F1C101 /* Main.storyboard in Resources */ = {isa = PBXBuildFile; fileRef = B0E2BEA21A80226D00F1C101 /* Main.storyboard */; };
		B0E2BEA61A80226D00F1C101 /* Images.xcassets in Resources */ = {isa = PBXBuildFile; fileRef = B0E2BEA51A80226D00F1C101 /* Images.xcassets */; };
		B0E2BEA91A80226D00F1C101 /* LaunchScreen.xib in Resources */ = {isa = PBXBuildFile; fileRef = B0E2BEA71A80226D00F1C101 /* LaunchScreen.xib */; };
		B0E2BEB51A80226D00F1C101 /* InstagramoTests.m in Sources */ = {isa = PBXBuildFile; fileRef = B0E2BEB41A80226D00F1C101 /* InstagramoTests.m */; };
		F9DA477E1A8045410039FB9E /* SearchViewController.m in Sources */ = {isa = PBXBuildFile; fileRef = F9DA477D1A8045410039FB9E /* SearchViewController.m */; };
		F9DA47811A8045550039FB9E /* CameraViewController.m in Sources */ = {isa = PBXBuildFile; fileRef = F9DA47801A8045550039FB9E /* CameraViewController.m */; };
		F9DA47841A8045780039FB9E /* ActivityViewController.m in Sources */ = {isa = PBXBuildFile; fileRef = F9DA47831A8045780039FB9E /* ActivityViewController.m */; };
		F9DA47871A80458D0039FB9E /* ProfileViewController.m in Sources */ = {isa = PBXBuildFile; fileRef = F9DA47861A80458D0039FB9E /* ProfileViewController.m */; };
		F9DA47BE1A8157400039FB9E /* FeedViewController.m in Sources */ = {isa = PBXBuildFile; fileRef = B0E2BEA01A80226D00F1C101 /* FeedViewController.m */; };
/* End PBXBuildFile section */

/* Begin PBXContainerItemProxy section */
		B0E2BEAF1A80226D00F1C101 /* PBXContainerItemProxy */ = {
			isa = PBXContainerItemProxy;
			containerPortal = B0E2BE8D1A80226D00F1C101 /* Project object */;
			proxyType = 1;
			remoteGlobalIDString = B0E2BE941A80226D00F1C101;
			remoteInfo = Instagramo;
		};
/* End PBXContainerItemProxy section */

/* Begin PBXFileReference section */
		B0BEA71D1A803D0C00606C14 /* Parse.framework */ = {isa = PBXFileReference; lastKnownFileType = wrapper.framework; path = Parse.framework; sourceTree = "<group>"; };
		B0BEA71F1A803D1D00606C14 /* Bolts.framework */ = {isa = PBXFileReference; lastKnownFileType = wrapper.framework; path = Bolts.framework; sourceTree = "<group>"; };
		B0BEA7211A803D7E00606C14 /* AudioToolbox.framework */ = {isa = PBXFileReference; lastKnownFileType = wrapper.framework; name = AudioToolbox.framework; path = System/Library/Frameworks/AudioToolbox.framework; sourceTree = SDKROOT; };
		B0BEA7231A803D8800606C14 /* CFNetwork.framework */ = {isa = PBXFileReference; lastKnownFileType = wrapper.framework; name = CFNetwork.framework; path = System/Library/Frameworks/CFNetwork.framework; sourceTree = SDKROOT; };
		B0BEA7251A803D9300606C14 /* CoreGraphics.framework */ = {isa = PBXFileReference; lastKnownFileType = wrapper.framework; name = CoreGraphics.framework; path = System/Library/Frameworks/CoreGraphics.framework; sourceTree = SDKROOT; };
		B0BEA7271A803DA100606C14 /* CoreLocation.framework */ = {isa = PBXFileReference; lastKnownFileType = wrapper.framework; name = CoreLocation.framework; path = System/Library/Frameworks/CoreLocation.framework; sourceTree = SDKROOT; };
		B0BEA7291A803F9000606C14 /* MobileCoreServices.framework */ = {isa = PBXFileReference; lastKnownFileType = wrapper.framework; name = MobileCoreServices.framework; path = System/Library/Frameworks/MobileCoreServices.framework; sourceTree = SDKROOT; };
		B0BEA72B1A803FA400606C14 /* QuartzCore.framework */ = {isa = PBXFileReference; lastKnownFileType = wrapper.framework; name = QuartzCore.framework; path = System/Library/Frameworks/QuartzCore.framework; sourceTree = SDKROOT; };
		B0BEA72D1A803FBF00606C14 /* Security.framework */ = {isa = PBXFileReference; lastKnownFileType = wrapper.framework; name = Security.framework; path = System/Library/Frameworks/Security.framework; sourceTree = SDKROOT; };
		B0BEA72F1A803FCA00606C14 /* StoreKit.framework */ = {isa = PBXFileReference; lastKnownFileType = wrapper.framework; name = StoreKit.framework; path = System/Library/Frameworks/StoreKit.framework; sourceTree = SDKROOT; };
		B0BEA7311A803FDB00606C14 /* SystemConfiguration.framework */ = {isa = PBXFileReference; lastKnownFileType = wrapper.framework; name = SystemConfiguration.framework; path = System/Library/Frameworks/SystemConfiguration.framework; sourceTree = SDKROOT; };
		B0BEA7331A803FF100606C14 /* libz.1.dylib */ = {isa = PBXFileReference; lastKnownFileType = "compiled.mach-o.dylib"; name = libz.1.dylib; path = usr/lib/libz.1.dylib; sourceTree = SDKROOT; };
		B0BEA7351A80400200606C14 /* libsqlite3.dylib */ = {isa = PBXFileReference; lastKnownFileType = "compiled.mach-o.dylib"; name = libsqlite3.dylib; path = usr/lib/libsqlite3.dylib; sourceTree = SDKROOT; };
		B0D7F33C1A802A7F00205DE0 /* LoginViewController.h */ = {isa = PBXFileReference; fileEncoding = 4; lastKnownFileType = sourcecode.c.h; path = LoginViewController.h; sourceTree = "<group>"; };
		B0D7F33D1A802A7F00205DE0 /* LoginViewController.m */ = {isa = PBXFileReference; fileEncoding = 4; lastKnownFileType = sourcecode.c.objc; path = LoginViewController.m; sourceTree = "<group>"; };
		B0E2BE951A80226D00F1C101 /* Instagramo.app */ = {isa = PBXFileReference; explicitFileType = wrapper.application; includeInIndex = 0; path = Instagramo.app; sourceTree = BUILT_PRODUCTS_DIR; };
		B0E2BE991A80226D00F1C101 /* Info.plist */ = {isa = PBXFileReference; lastKnownFileType = text.plist.xml; path = Info.plist; sourceTree = "<group>"; };
		B0E2BE9A1A80226D00F1C101 /* main.m */ = {isa = PBXFileReference; lastKnownFileType = sourcecode.c.objc; path = main.m; sourceTree = "<group>"; };
		B0E2BE9C1A80226D00F1C101 /* AppDelegate.h */ = {isa = PBXFileReference; lastKnownFileType = sourcecode.c.h; path = AppDelegate.h; sourceTree = "<group>"; };
		B0E2BE9D1A80226D00F1C101 /* AppDelegate.m */ = {isa = PBXFileReference; lastKnownFileType = sourcecode.c.objc; path = AppDelegate.m; sourceTree = "<group>"; };
		B0E2BE9F1A80226D00F1C101 /* FeedViewController.h */ = {isa = PBXFileReference; lastKnownFileType = sourcecode.c.h; path = FeedViewController.h; sourceTree = "<group>"; };
		B0E2BEA01A80226D00F1C101 /* FeedViewController.m */ = {isa = PBXFileReference; lastKnownFileType = sourcecode.c.objc; path = FeedViewController.m; sourceTree = "<group>"; };
		B0E2BEA31A80226D00F1C101 /* Base */ = {isa = PBXFileReference; lastKnownFileType = file.storyboard; name = Base; path = Base.lproj/Main.storyboard; sourceTree = "<group>"; };
		B0E2BEA51A80226D00F1C101 /* Images.xcassets */ = {isa = PBXFileReference; lastKnownFileType = folder.assetcatalog; path = Images.xcassets; sourceTree = "<group>"; };
		B0E2BEA81A80226D00F1C101 /* Base */ = {isa = PBXFileReference; lastKnownFileType = file.xib; name = Base; path = Base.lproj/LaunchScreen.xib; sourceTree = "<group>"; };
		B0E2BEAE1A80226D00F1C101 /* InstagramoTests.xctest */ = {isa = PBXFileReference; explicitFileType = wrapper.cfbundle; includeInIndex = 0; path = InstagramoTests.xctest; sourceTree = BUILT_PRODUCTS_DIR; };
		B0E2BEB31A80226D00F1C101 /* Info.plist */ = {isa = PBXFileReference; lastKnownFileType = text.plist.xml; path = Info.plist; sourceTree = "<group>"; };
		B0E2BEB41A80226D00F1C101 /* InstagramoTests.m */ = {isa = PBXFileReference; lastKnownFileType = sourcecode.c.objc; path = InstagramoTests.m; sourceTree = "<group>"; };
		F9DA477C1A8045410039FB9E /* SearchViewController.h */ = {isa = PBXFileReference; fileEncoding = 4; lastKnownFileType = sourcecode.c.h; path = SearchViewController.h; sourceTree = "<group>"; };
		F9DA477D1A8045410039FB9E /* SearchViewController.m */ = {isa = PBXFileReference; fileEncoding = 4; lastKnownFileType = sourcecode.c.objc; path = SearchViewController.m; sourceTree = "<group>"; };
		F9DA477F1A8045550039FB9E /* CameraViewController.h */ = {isa = PBXFileReference; fileEncoding = 4; lastKnownFileType = sourcecode.c.h; path = CameraViewController.h; sourceTree = "<group>"; };
		F9DA47801A8045550039FB9E /* CameraViewController.m */ = {isa = PBXFileReference; fileEncoding = 4; lastKnownFileType = sourcecode.c.objc; path = CameraViewController.m; sourceTree = "<group>"; };
		F9DA47821A8045780039FB9E /* ActivityViewController.h */ = {isa = PBXFileReference; fileEncoding = 4; lastKnownFileType = sourcecode.c.h; path = ActivityViewController.h; sourceTree = "<group>"; };
		F9DA47831A8045780039FB9E /* ActivityViewController.m */ = {isa = PBXFileReference; fileEncoding = 4; lastKnownFileType = sourcecode.c.objc; path = ActivityViewController.m; sourceTree = "<group>"; };
		F9DA47851A80458D0039FB9E /* ProfileViewController.h */ = {isa = PBXFileReference; fileEncoding = 4; lastKnownFileType = sourcecode.c.h; path = ProfileViewController.h; sourceTree = "<group>"; };
		F9DA47861A80458D0039FB9E /* ProfileViewController.m */ = {isa = PBXFileReference; fileEncoding = 4; lastKnownFileType = sourcecode.c.objc; path = ProfileViewController.m; sourceTree = "<group>"; };
/* End PBXFileReference section */

/* Begin PBXFrameworksBuildPhase section */
		B0E2BE921A80226D00F1C101 /* Frameworks */ = {
			isa = PBXFrameworksBuildPhase;
			buildActionMask = 2147483647;
			files = (
				B0BEA7361A80400200606C14 /* libsqlite3.dylib in Frameworks */,
				B0BEA7341A803FF100606C14 /* libz.1.dylib in Frameworks */,
				B0BEA7321A803FDB00606C14 /* SystemConfiguration.framework in Frameworks */,
				B0BEA7301A803FCA00606C14 /* StoreKit.framework in Frameworks */,
				B0BEA72E1A803FBF00606C14 /* Security.framework in Frameworks */,
				B0BEA72C1A803FA400606C14 /* QuartzCore.framework in Frameworks */,
				B0BEA72A1A803F9000606C14 /* MobileCoreServices.framework in Frameworks */,
				B0BEA7281A803DA100606C14 /* CoreLocation.framework in Frameworks */,
				B0BEA7261A803D9300606C14 /* CoreGraphics.framework in Frameworks */,
				B0BEA7241A803D8800606C14 /* CFNetwork.framework in Frameworks */,
				B0BEA7221A803D7E00606C14 /* AudioToolbox.framework in Frameworks */,
				B0BEA71E1A803D0C00606C14 /* Parse.framework in Frameworks */,
				B0BEA7201A803D1D00606C14 /* Bolts.framework in Frameworks */,
			);
			runOnlyForDeploymentPostprocessing = 0;
		};
		B0E2BEAB1A80226D00F1C101 /* Frameworks */ = {
			isa = PBXFrameworksBuildPhase;
			buildActionMask = 2147483647;
			files = (
			);
			runOnlyForDeploymentPostprocessing = 0;
		};
/* End PBXFrameworksBuildPhase section */

/* Begin PBXGroup section */
		B0E2BE8C1A80226D00F1C101 = {
			isa = PBXGroup;
			children = (
				B0BEA7351A80400200606C14 /* libsqlite3.dylib */,
				B0BEA7331A803FF100606C14 /* libz.1.dylib */,
				B0BEA7311A803FDB00606C14 /* SystemConfiguration.framework */,
				B0BEA72F1A803FCA00606C14 /* StoreKit.framework */,
				B0BEA72D1A803FBF00606C14 /* Security.framework */,
				B0BEA72B1A803FA400606C14 /* QuartzCore.framework */,
				B0BEA7291A803F9000606C14 /* MobileCoreServices.framework */,
				B0BEA7271A803DA100606C14 /* CoreLocation.framework */,
				B0BEA7251A803D9300606C14 /* CoreGraphics.framework */,
				B0BEA7231A803D8800606C14 /* CFNetwork.framework */,
				B0BEA7211A803D7E00606C14 /* AudioToolbox.framework */,
				B0BEA71F1A803D1D00606C14 /* Bolts.framework */,
				B0BEA71D1A803D0C00606C14 /* Parse.framework */,
				B0E2BE971A80226D00F1C101 /* Instagramo */,
				B0E2BEB11A80226D00F1C101 /* InstagramoTests */,
				B0E2BE961A80226D00F1C101 /* Products */,
			);
			sourceTree = "<group>";
		};
		B0E2BE961A80226D00F1C101 /* Products */ = {
			isa = PBXGroup;
			children = (
				B0E2BE951A80226D00F1C101 /* Instagramo.app */,
				B0E2BEAE1A80226D00F1C101 /* InstagramoTests.xctest */,
			);
			name = Products;
			sourceTree = "<group>";
		};
		B0E2BE971A80226D00F1C101 /* Instagramo */ = {
			isa = PBXGroup;
			children = (
				B0E2BE9C1A80226D00F1C101 /* AppDelegate.h */,
				B0E2BE9D1A80226D00F1C101 /* AppDelegate.m */,
				B0E2BE9F1A80226D00F1C101 /* FeedViewController.h */,
				B0E2BEA01A80226D00F1C101 /* FeedViewController.m */,
				B0D7F33C1A802A7F00205DE0 /* LoginViewController.h */,
				B0D7F33D1A802A7F00205DE0 /* LoginViewController.m */,
				F9DA477B1A8045210039FB9E /* View Controllers */,
				B0E2BEA21A80226D00F1C101 /* Main.storyboard */,
				B0E2BEA51A80226D00F1C101 /* Images.xcassets */,
				B0E2BEA71A80226D00F1C101 /* LaunchScreen.xib */,
				B0E2BE981A80226D00F1C101 /* Supporting Files */,
			);
			path = Instagramo;
			sourceTree = "<group>";
		};
		B0E2BE981A80226D00F1C101 /* Supporting Files */ = {
			isa = PBXGroup;
			children = (
				B0E2BE991A80226D00F1C101 /* Info.plist */,
				B0E2BE9A1A80226D00F1C101 /* main.m */,
			);
			name = "Supporting Files";
			sourceTree = "<group>";
		};
		B0E2BEB11A80226D00F1C101 /* InstagramoTests */ = {
			isa = PBXGroup;
			children = (
				B0E2BEB41A80226D00F1C101 /* InstagramoTests.m */,
				B0E2BEB21A80226D00F1C101 /* Supporting Files */,
			);
			path = InstagramoTests;
			sourceTree = "<group>";
		};
		B0E2BEB21A80226D00F1C101 /* Supporting Files */ = {
			isa = PBXGroup;
			children = (
				B0E2BEB31A80226D00F1C101 /* Info.plist */,
			);
			name = "Supporting Files";
			sourceTree = "<group>";
		};
		F9DA477B1A8045210039FB9E /* View Controllers */ = {
			isa = PBXGroup;
			children = (
				F9DA477C1A8045410039FB9E /* SearchViewController.h */,
				F9DA477D1A8045410039FB9E /* SearchViewController.m */,
				F9DA477F1A8045550039FB9E /* CameraViewController.h */,
				F9DA47801A8045550039FB9E /* CameraViewController.m */,
				F9DA47821A8045780039FB9E /* ActivityViewController.h */,
				F9DA47831A8045780039FB9E /* ActivityViewController.m */,
				F9DA47851A80458D0039FB9E /* ProfileViewController.h */,
				F9DA47861A80458D0039FB9E /* ProfileViewController.m */,
			);
			name = "View Controllers";
			sourceTree = "<group>";
		};
/* End PBXGroup section */

/* Begin PBXNativeTarget section */
		B0E2BE941A80226D00F1C101 /* Instagramo */ = {
			isa = PBXNativeTarget;
			buildConfigurationList = B0E2BEB81A80226D00F1C101 /* Build configuration list for PBXNativeTarget "Instagramo" */;
			buildPhases = (
				B0E2BE911A80226D00F1C101 /* Sources */,
				B0E2BE921A80226D00F1C101 /* Frameworks */,
				B0E2BE931A80226D00F1C101 /* Resources */,
			);
			buildRules = (
			);
			dependencies = (
			);
			name = Instagramo;
			productName = Instagramo;
			productReference = B0E2BE951A80226D00F1C101 /* Instagramo.app */;
			productType = "com.apple.product-type.application";
		};
		B0E2BEAD1A80226D00F1C101 /* InstagramoTests */ = {
			isa = PBXNativeTarget;
			buildConfigurationList = B0E2BEBB1A80226D00F1C101 /* Build configuration list for PBXNativeTarget "InstagramoTests" */;
			buildPhases = (
				B0E2BEAA1A80226D00F1C101 /* Sources */,
				B0E2BEAB1A80226D00F1C101 /* Frameworks */,
				B0E2BEAC1A80226D00F1C101 /* Resources */,
			);
			buildRules = (
			);
			dependencies = (
				B0E2BEB01A80226D00F1C101 /* PBXTargetDependency */,
			);
			name = InstagramoTests;
			productName = InstagramoTests;
			productReference = B0E2BEAE1A80226D00F1C101 /* InstagramoTests.xctest */;
			productType = "com.apple.product-type.bundle.unit-test";
		};
/* End PBXNativeTarget section */

/* Begin PBXProject section */
		B0E2BE8D1A80226D00F1C101 /* Project object */ = {
			isa = PBXProject;
			attributes = {
				LastUpgradeCheck = 0610;
				ORGANIZATIONNAME = "Syed, Kyle and JP";
				TargetAttributes = {
					B0E2BE941A80226D00F1C101 = {
						CreatedOnToolsVersion = 6.1.1;
					};
					B0E2BEAD1A80226D00F1C101 = {
						CreatedOnToolsVersion = 6.1.1;
						TestTargetID = B0E2BE941A80226D00F1C101;
					};
				};
			};
			buildConfigurationList = B0E2BE901A80226D00F1C101 /* Build configuration list for PBXProject "Instagramo" */;
			compatibilityVersion = "Xcode 3.2";
			developmentRegion = English;
			hasScannedForEncodings = 0;
			knownRegions = (
				en,
				Base,
			);
			mainGroup = B0E2BE8C1A80226D00F1C101;
			productRefGroup = B0E2BE961A80226D00F1C101 /* Products */;
			projectDirPath = "";
			projectRoot = "";
			targets = (
				B0E2BE941A80226D00F1C101 /* Instagramo */,
				B0E2BEAD1A80226D00F1C101 /* InstagramoTests */,
			);
		};
/* End PBXProject section */

/* Begin PBXResourcesBuildPhase section */
		B0E2BE931A80226D00F1C101 /* Resources */ = {
			isa = PBXResourcesBuildPhase;
			buildActionMask = 2147483647;
			files = (
				B0E2BEA41A80226D00F1C101 /* Main.storyboard in Resources */,
				B0E2BEA91A80226D00F1C101 /* LaunchScreen.xib in Resources */,
				B0E2BEA61A80226D00F1C101 /* Images.xcassets in Resources */,
			);
			runOnlyForDeploymentPostprocessing = 0;
		};
		B0E2BEAC1A80226D00F1C101 /* Resources */ = {
			isa = PBXResourcesBuildPhase;
			buildActionMask = 2147483647;
			files = (
			);
			runOnlyForDeploymentPostprocessing = 0;
		};
/* End PBXResourcesBuildPhase section */

/* Begin PBXSourcesBuildPhase section */
		B0E2BE911A80226D00F1C101 /* Sources */ = {
			isa = PBXSourcesBuildPhase;
			buildActionMask = 2147483647;
			files = (
				B0D7F33E1A802A7F00205DE0 /* LoginViewController.m in Sources */,
				F9DA47811A8045550039FB9E /* CameraViewController.m in Sources */,
				F9DA47841A8045780039FB9E /* ActivityViewController.m in Sources */,
				B0E2BE9E1A80226D00F1C101 /* AppDelegate.m in Sources */,
				F9DA47871A80458D0039FB9E /* ProfileViewController.m in Sources */,
				F9DA47BE1A8157400039FB9E /* FeedViewController.m in Sources */,
				F9DA477E1A8045410039FB9E /* SearchViewController.m in Sources */,
				B0E2BE9B1A80226D00F1C101 /* main.m in Sources */,
			);
			runOnlyForDeploymentPostprocessing = 0;
		};
		B0E2BEAA1A80226D00F1C101 /* Sources */ = {
			isa = PBXSourcesBuildPhase;
			buildActionMask = 2147483647;
			files = (
				B0E2BEB51A80226D00F1C101 /* InstagramoTests.m in Sources */,
			);
			runOnlyForDeploymentPostprocessing = 0;
		};
/* End PBXSourcesBuildPhase section */

/* Begin PBXTargetDependency section */
		B0E2BEB01A80226D00F1C101 /* PBXTargetDependency */ = {
			isa = PBXTargetDependency;
			target = B0E2BE941A80226D00F1C101 /* Instagramo */;
			targetProxy = B0E2BEAF1A80226D00F1C101 /* PBXContainerItemProxy */;
		};
/* End PBXTargetDependency section */

/* Begin PBXVariantGroup section */
		B0E2BEA21A80226D00F1C101 /* Main.storyboard */ = {
			isa = PBXVariantGroup;
			children = (
				B0E2BEA31A80226D00F1C101 /* Base */,
			);
			name = Main.storyboard;
			sourceTree = "<group>";
		};
		B0E2BEA71A80226D00F1C101 /* LaunchScreen.xib */ = {
			isa = PBXVariantGroup;
			children = (
				B0E2BEA81A80226D00F1C101 /* Base */,
			);
			name = LaunchScreen.xib;
			sourceTree = "<group>";
		};
/* End PBXVariantGroup section */

/* Begin XCBuildConfiguration section */
		B0E2BEB61A80226D00F1C101 /* Debug */ = {
			isa = XCBuildConfiguration;
			buildSettings = {
				ALWAYS_SEARCH_USER_PATHS = NO;
				CLANG_CXX_LANGUAGE_STANDARD = "gnu++0x";
				CLANG_CXX_LIBRARY = "libc++";
				CLANG_ENABLE_MODULES = YES;
				CLANG_ENABLE_OBJC_ARC = YES;
				CLANG_WARN_BOOL_CONVERSION = YES;
				CLANG_WARN_CONSTANT_CONVERSION = YES;
				CLANG_WARN_DIRECT_OBJC_ISA_USAGE = YES_ERROR;
				CLANG_WARN_EMPTY_BODY = YES;
				CLANG_WARN_ENUM_CONVERSION = YES;
				CLANG_WARN_INT_CONVERSION = YES;
				CLANG_WARN_OBJC_ROOT_CLASS = YES_ERROR;
				CLANG_WARN_UNREACHABLE_CODE = YES;
				CLANG_WARN__DUPLICATE_METHOD_MATCH = YES;
				"CODE_SIGN_IDENTITY[sdk=iphoneos*]" = "iPhone Developer";
				COPY_PHASE_STRIP = NO;
				ENABLE_STRICT_OBJC_MSGSEND = YES;
				GCC_C_LANGUAGE_STANDARD = gnu99;
				GCC_DYNAMIC_NO_PIC = NO;
				GCC_OPTIMIZATION_LEVEL = 0;
				GCC_PREPROCESSOR_DEFINITIONS = (
					"DEBUG=1",
					"$(inherited)",
				);
				GCC_SYMBOLS_PRIVATE_EXTERN = NO;
				GCC_WARN_64_TO_32_BIT_CONVERSION = YES;
				GCC_WARN_ABOUT_RETURN_TYPE = YES_ERROR;
				GCC_WARN_UNDECLARED_SELECTOR = YES;
				GCC_WARN_UNINITIALIZED_AUTOS = YES_AGGRESSIVE;
				GCC_WARN_UNUSED_FUNCTION = YES;
				GCC_WARN_UNUSED_VARIABLE = YES;
				IPHONEOS_DEPLOYMENT_TARGET = 8.1;
				MTL_ENABLE_DEBUG_INFO = YES;
				ONLY_ACTIVE_ARCH = YES;
				SDKROOT = iphoneos;
			};
			name = Debug;
		};
		B0E2BEB71A80226D00F1C101 /* Release */ = {
			isa = XCBuildConfiguration;
			buildSettings = {
				ALWAYS_SEARCH_USER_PATHS = NO;
				CLANG_CXX_LANGUAGE_STANDARD = "gnu++0x";
				CLANG_CXX_LIBRARY = "libc++";
				CLANG_ENABLE_MODULES = YES;
				CLANG_ENABLE_OBJC_ARC = YES;
				CLANG_WARN_BOOL_CONVERSION = YES;
				CLANG_WARN_CONSTANT_CONVERSION = YES;
				CLANG_WARN_DIRECT_OBJC_ISA_USAGE = YES_ERROR;
				CLANG_WARN_EMPTY_BODY = YES;
				CLANG_WARN_ENUM_CONVERSION = YES;
				CLANG_WARN_INT_CONVERSION = YES;
				CLANG_WARN_OBJC_ROOT_CLASS = YES_ERROR;
				CLANG_WARN_UNREACHABLE_CODE = YES;
				CLANG_WARN__DUPLICATE_METHOD_MATCH = YES;
				"CODE_SIGN_IDENTITY[sdk=iphoneos*]" = "iPhone Developer";
				COPY_PHASE_STRIP = YES;
				ENABLE_NS_ASSERTIONS = NO;
				ENABLE_STRICT_OBJC_MSGSEND = YES;
				GCC_C_LANGUAGE_STANDARD = gnu99;
				GCC_WARN_64_TO_32_BIT_CONVERSION = YES;
				GCC_WARN_ABOUT_RETURN_TYPE = YES_ERROR;
				GCC_WARN_UNDECLARED_SELECTOR = YES;
				GCC_WARN_UNINITIALIZED_AUTOS = YES_AGGRESSIVE;
				GCC_WARN_UNUSED_FUNCTION = YES;
				GCC_WARN_UNUSED_VARIABLE = YES;
				IPHONEOS_DEPLOYMENT_TARGET = 8.1;
				MTL_ENABLE_DEBUG_INFO = NO;
				SDKROOT = iphoneos;
				VALIDATE_PRODUCT = YES;
			};
			name = Release;
		};
		B0E2BEB91A80226D00F1C101 /* Debug */ = {
			isa = XCBuildConfiguration;
			buildSettings = {
				ASSETCATALOG_COMPILER_APPICON_NAME = AppIcon;
				FRAMEWORK_SEARCH_PATHS = (
					"$(inherited)",
					"$(PROJECT_DIR)",
				);
				INFOPLIST_FILE = Instagramo/Info.plist;
				LD_RUNPATH_SEARCH_PATHS = "$(inherited) @executable_path/Frameworks";
				PRODUCT_NAME = "$(TARGET_NAME)";
			};
			name = Debug;
		};
		B0E2BEBA1A80226D00F1C101 /* Release */ = {
			isa = XCBuildConfiguration;
			buildSettings = {
				ASSETCATALOG_COMPILER_APPICON_NAME = AppIcon;
				FRAMEWORK_SEARCH_PATHS = (
					"$(inherited)",
					"$(PROJECT_DIR)",
				);
				INFOPLIST_FILE = Instagramo/Info.plist;
				LD_RUNPATH_SEARCH_PATHS = "$(inherited) @executable_path/Frameworks";
				PRODUCT_NAME = "$(TARGET_NAME)";
			};
			name = Release;
		};
		B0E2BEBC1A80226D00F1C101 /* Debug */ = {
			isa = XCBuildConfiguration;
			buildSettings = {
				BUNDLE_LOADER = "$(TEST_HOST)";
				FRAMEWORK_SEARCH_PATHS = (
					"$(SDKROOT)/Developer/Library/Frameworks",
					"$(inherited)",
				);
				GCC_PREPROCESSOR_DEFINITIONS = (
					"DEBUG=1",
					"$(inherited)",
				);
				INFOPLIST_FILE = InstagramoTests/Info.plist;
				LD_RUNPATH_SEARCH_PATHS = "$(inherited) @executable_path/Frameworks @loader_path/Frameworks";
				PRODUCT_NAME = "$(TARGET_NAME)";
				TEST_HOST = "$(BUILT_PRODUCTS_DIR)/Instagramo.app/Instagramo";
			};
			name = Debug;
		};
		B0E2BEBD1A80226D00F1C101 /* Release */ = {
			isa = XCBuildConfiguration;
			buildSettings = {
				BUNDLE_LOADER = "$(TEST_HOST)";
				FRAMEWORK_SEARCH_PATHS = (
					"$(SDKROOT)/Developer/Library/Frameworks",
					"$(inherited)",
				);
				INFOPLIST_FILE = InstagramoTests/Info.plist;
				LD_RUNPATH_SEARCH_PATHS = "$(inherited) @executable_path/Frameworks @loader_path/Frameworks";
				PRODUCT_NAME = "$(TARGET_NAME)";
				TEST_HOST = "$(BUILT_PRODUCTS_DIR)/Instagramo.app/Instagramo";
			};
			name = Release;
		};
/* End XCBuildConfiguration section */

/* Begin XCConfigurationList section */
		B0E2BE901A80226D00F1C101 /* Build configuration list for PBXProject "Instagramo" */ = {
			isa = XCConfigurationList;
			buildConfigurations = (
				B0E2BEB61A80226D00F1C101 /* Debug */,
				B0E2BEB71A80226D00F1C101 /* Release */,
			);
			defaultConfigurationIsVisible = 0;
			defaultConfigurationName = Release;
		};
		B0E2BEB81A80226D00F1C101 /* Build configuration list for PBXNativeTarget "Instagramo" */ = {
			isa = XCConfigurationList;
			buildConfigurations = (
				B0E2BEB91A80226D00F1C101 /* Debug */,
				B0E2BEBA1A80226D00F1C101 /* Release */,
			);
			defaultConfigurationIsVisible = 0;
			defaultConfigurationName = Release;
		};
		B0E2BEBB1A80226D00F1C101 /* Build configuration list for PBXNativeTarget "InstagramoTests" */ = {
			isa = XCConfigurationList;
			buildConfigurations = (
				B0E2BEBC1A80226D00F1C101 /* Debug */,
				B0E2BEBD1A80226D00F1C101 /* Release */,
			);
			defaultConfigurationIsVisible = 0;
			defaultConfigurationName = Release;
		};
/* End XCConfigurationList section */
	};
	rootObject = B0E2BE8D1A80226D00F1C101 /* Project object */;
}
